Microsoft Visual Studio Solution File, Format Version 11.00
# Visual Studio 2010
Project("{FAE04EC0-301F-11D3-BF4B-00C04F79EFBC}") = "Assembly-CSharp", "Assembly-CSharp.csproj", "{535CF37A-E192-D225-F8D9-9FA2B4CA1502}"
EndProject
Project("{FAE04EC0-301F-11D3-BF4B-00C04F79EFBC}") = "Assembly-CSharp-Editor", "Assembly-CSharp-Editor.csproj", "{8877C68B-7301-0EFB-B328-55DC9EEB25DF}"
EndProject
Global
	GlobalSection(SolutionConfigurationPlatforms) = preSolution
		Debug|Any CPU = Debug|Any CPU
		Release|Any CPU = Release|Any CPU
	EndGlobalSection
	GlobalSection(ProjectConfigurationPlatforms) = postSolution
		{535CF37A-E192-D225-F8D9-9FA2B4CA1502}.Debug|Any CPU.ActiveCfg = Debug|Any CPU
		{535CF37A-E192-D225-F8D9-9FA2B4CA1502}.Debug|Any CPU.Build.0 = Debug|Any CPU
		{535CF37A-E192-D225-F8D9-9FA2B4CA1502}.Release|Any CPU.ActiveCfg = Release|Any CPU
		{535CF37A-E192-D225-F8D9-9FA2B4CA1502}.Release|Any CPU.Build.0 = Release|Any CPU
		{8877C68B-7301-0EFB-B328-55DC9EEB25DF}.Debug|Any CPU.ActiveCfg = Debug|Any CPU
		{8877C68B-7301-0EFB-B328-55DC9EEB25DF}.Debug|Any CPU.Build.0 = Debug|Any CPU
		{8877C68B-7301-0EFB-B328-55DC9EEB25DF}.Release|Any CPU.ActiveCfg = Release|Any CPU
		{8877C68B-7301-0EFB-B328-55DC9EEB25DF}.Release|Any CPU.Build.0 = Release|Any CPU
	EndGlobalSection
	GlobalSection(SolutionProperties) = preSolution
		HideSolutionNode = FALSE
	EndGlobalSection
	GlobalSection(MonoDevelopProperties) = preSolution
		StartupItem = Assembly-CSharp.csproj
	EndGlobalSection
EndGlobal
